
Microsoft Visual Studio Solution File, Format Version 12.00
# Visual Studio Version 17
VisualStudioVersion = 17.13.35931.197 d17.13
MinimumVisualStudioVersion = 10.0.40219.1
Project("{FAE04EC0-301F-11D3-BF4B-00C04F79EFBC}") = "Core", "Core\Core.csproj", "{286D0DFD-AE52-4566-BD56-82ABC5F3C289}"
EndProject
Project("{FAE04EC0-301F-11D3-BF4B-00C04F79EFBC}") = "WebAPI", "WebAPI\WebAPI.csproj", "{BC2BB773-45D0-4A85-BE17-B320C6422FD7}"
EndProject
Global
	GlobalSection(SolutionConfigurationPlatforms) = preSolution
		Debug|Any CPU = Debug|Any CPU
		Release|Any CPU = Release|Any CPU
	EndGlobalSection
	GlobalSection(ProjectConfigurationPlatforms) = postSolution
		{286D0DFD-AE52-4566-BD56-82ABC5F3C289}.Debug|Any CPU.ActiveCfg = Debug|Any CPU
		{286D0DFD-AE52-4566-BD56-82ABC5F3C289}.Debug|Any CPU.Build.0 = Debug|Any CPU
		{286D0DFD-AE52-4566-BD56-82ABC5F3C289}.Release|Any CPU.ActiveCfg = Release|Any CPU
		{286D0DFD-AE52-4566-BD56-82ABC5F3C289}.Release|Any CPU.Build.0 = Release|Any CPU
		{BC2BB773-45D0-4A85-BE17-B320C6422FD7}.Debug|Any CPU.ActiveCfg = Debug|Any CPU
		{BC2BB773-45D0-4A85-BE17-B320C6422FD7}.Debug|Any CPU.Build.0 = Debug|Any CPU
		{BC2BB773-45D0-4A85-BE17-B320C6422FD7}.Release|Any CPU.ActiveCfg = Release|Any CPU
		{BC2BB773-45D0-4A85-BE17-B320C6422FD7}.Release|Any CPU.Build.0 = Release|Any CPU
	EndGlobalSection
	GlobalSection(SolutionProperties) = preSolution
		HideSolutionNode = FALSE
	EndGlobalSection
	GlobalSection(ExtensibilityGlobals) = postSolution
		SolutionGuid = {83413CAD-5DD1-4C1B-9F17-5CAA91F4CF40}
	EndGlobalSection
EndGlobal
