
Microsoft Visual Studio Solution File, Format Version 12.00
Project("{FAE04EC0-301F-11D3-BF4B-00C04F79EFBC}") = "Domain", "Domain\Domain.csproj", "{FE7409E4-CE1A-4D90-914B-B4839A1384DD}"
EndProject
Project("{FAE04EC0-301F-11D3-BF4B-00C04F79EFBC}") = "Presentation", "Presentation\Presentation.csproj", "{DF204003-3B77-410B-95E1-D354558DB382}"
EndProject
Project("{FAE04EC0-301F-11D3-BF4B-00C04F79EFBC}") = "Service", "Service\Service.csproj", "{51468C52-9B69-4AFF-B79B-59178FE18599}"
EndProject
Project("{FAE04EC0-301F-11D3-BF4B-00C04F79EFBC}") = "Infrastructure", "Infrastructure\Infrastructure.csproj", "{30A40053-4CBF-4750-A21D-76E56F48ECAA}"
EndProject
Project("{FAE04EC0-301F-11D3-BF4B-00C04F79EFBC}") = "Tests", "Tests\Tests.csproj", "{F917F9E6-3C40-438E-BF48-377DF1D20AD8}"
EndProject
Global
	GlobalSection(SolutionConfigurationPlatforms) = preSolution
		Debug|Any CPU = Debug|Any CPU
		Release|Any CPU = Release|Any CPU
	EndGlobalSection
	GlobalSection(ProjectConfigurationPlatforms) = postSolution
		{FE7409E4-CE1A-4D90-914B-B4839A1384DD}.Debug|Any CPU.ActiveCfg = Debug|Any CPU
		{FE7409E4-CE1A-4D90-914B-B4839A1384DD}.Debug|Any CPU.Build.0 = Debug|Any CPU
		{FE7409E4-CE1A-4D90-914B-B4839A1384DD}.Release|Any CPU.ActiveCfg = Release|Any CPU
		{FE7409E4-CE1A-4D90-914B-B4839A1384DD}.Release|Any CPU.Build.0 = Release|Any CPU
		{DF204003-3B77-410B-95E1-D354558DB382}.Debug|Any CPU.ActiveCfg = Debug|Any CPU
		{DF204003-3B77-410B-95E1-D354558DB382}.Debug|Any CPU.Build.0 = Debug|Any CPU
		{DF204003-3B77-410B-95E1-D354558DB382}.Release|Any CPU.ActiveCfg = Release|Any CPU
		{DF204003-3B77-410B-95E1-D354558DB382}.Release|Any CPU.Build.0 = Release|Any CPU
		{51468C52-9B69-4AFF-B79B-59178FE18599}.Debug|Any CPU.ActiveCfg = Debug|Any CPU
		{51468C52-9B69-4AFF-B79B-59178FE18599}.Debug|Any CPU.Build.0 = Debug|Any CPU
		{51468C52-9B69-4AFF-B79B-59178FE18599}.Release|Any CPU.ActiveCfg = Release|Any CPU
		{51468C52-9B69-4AFF-B79B-59178FE18599}.Release|Any CPU.Build.0 = Release|Any CPU
		{30A40053-4CBF-4750-A21D-76E56F48ECAA}.Debug|Any CPU.ActiveCfg = Debug|Any CPU
		{30A40053-4CBF-4750-A21D-76E56F48ECAA}.Debug|Any CPU.Build.0 = Debug|Any CPU
		{30A40053-4CBF-4750-A21D-76E56F48ECAA}.Release|Any CPU.ActiveCfg = Release|Any CPU
		{30A40053-4CBF-4750-A21D-76E56F48ECAA}.Release|Any CPU.Build.0 = Release|Any CPU
		{F917F9E6-3C40-438E-BF48-377DF1D20AD8}.Debug|Any CPU.ActiveCfg = Debug|Any CPU
		{F917F9E6-3C40-438E-BF48-377DF1D20AD8}.Debug|Any CPU.Build.0 = Debug|Any CPU
		{F917F9E6-3C40-438E-BF48-377DF1D20AD8}.Release|Any CPU.ActiveCfg = Release|Any CPU
		{F917F9E6-3C40-438E-BF48-377DF1D20AD8}.Release|Any CPU.Build.0 = Release|Any CPU
	EndGlobalSection
EndGlobal
