
Microsoft Visual Studio Solution File, Format Version 12.00
# Visual Studio Version 17
VisualStudioVersion = 17.12.35707.178
MinimumVisualStudioVersion = 10.0.40219.1
Project("{FAE04EC0-301F-11D3-BF4B-00C04F79EFBC}") = "Lab1.Web", "Lab1.Web\Lab1.Web.csproj", "{DABC9F8E-78AC-43D8-8460-26C7EDDBD215}"
EndProject
Project("{FAE04EC0-301F-11D3-BF4B-00C04F79EFBC}") = "Lab1.Core", "Lab1.Core\Lab1.Core.csproj", "{56E06685-208A-4604-B324-3BAF13F63DED}"
EndProject
Project("{FAE04EC0-301F-11D3-BF4B-00C04F79EFBC}") = "Lab1.Application", "Lab1.Application\Lab1.Application.csproj", "{1C5D1144-223A-41D4-98A9-E26FF5481452}"
EndProject
Project("{FAE04EC0-301F-11D3-BF4B-00C04F79EFBC}") = "Lab1.Infrastructure", "Lab1.Infrastructure\Lab1.Infrastructure.csproj", "{EA3CDBB2-F609-4B98-8100-4E4014B99B1D}"
EndProject
Project("{FAE04EC0-301F-11D3-BF4B-00C04F79EFBC}") = "Lab1.MigrationTool", "Lab1.MigrationTool\Lab1.MigrationTool.csproj", "{96E918FD-47C1-4A65-B58F-8418B474811D}"
EndProject
Project("{FAE04EC0-301F-11D3-BF4B-00C04F79EFBC}") = "Lab3.MessageService", "Lab3.MessageService\Lab3.MessageService.csproj", "{0DA49B05-8D7F-4B2B-B4A7-D5DF60ADE16C}"
EndProject
Project("{2150E333-8FDC-42A3-9474-1A3956D46DE8}") = "Lab1+2", "Lab1+2", "{0BD0AF99-CD12-48D0-B609-18FAD4F07257}"
EndProject
Project("{2150E333-8FDC-42A3-9474-1A3956D46DE8}") = "Lab3", "Lab3", "{B028AE3F-FEAF-48FE-B282-579C665DAEBE}"
EndProject
Project("{FAE04EC0-301F-11D3-BF4B-00C04F79EFBC}") = "Lab3.Core", "Lab3.Core\Lab3.Core.csproj", "{713B26A6-1693-495D-8B6C-BCB5EA86D142}"
EndProject
Project("{FAE04EC0-301F-11D3-BF4B-00C04F79EFBC}") = "Lab3.Infrastructure", "Lab3.Infrastructure\Lab3.Infrastructure.csproj", "{58052C3E-7EBA-46C1-AAC4-F661BE826C0D}"
EndProject
Project("{FAE04EC0-301F-11D3-BF4B-00C04F79EFBC}") = "Lab3.Application", "Lab3.Application\Lab3.Application.csproj", "{1AA6CE07-ED62-4CB4-A06E-4CF5064DA3C6}"
EndProject
Global
	GlobalSection(SolutionConfigurationPlatforms) = preSolution
		Debug|Any CPU = Debug|Any CPU
		Release|Any CPU = Release|Any CPU
	EndGlobalSection
	GlobalSection(ProjectConfigurationPlatforms) = postSolution
		{DABC9F8E-78AC-43D8-8460-26C7EDDBD215}.Debug|Any CPU.ActiveCfg = Debug|Any CPU
		{DABC9F8E-78AC-43D8-8460-26C7EDDBD215}.Debug|Any CPU.Build.0 = Debug|Any CPU
		{DABC9F8E-78AC-43D8-8460-26C7EDDBD215}.Release|Any CPU.ActiveCfg = Release|Any CPU
		{DABC9F8E-78AC-43D8-8460-26C7EDDBD215}.Release|Any CPU.Build.0 = Release|Any CPU
		{56E06685-208A-4604-B324-3BAF13F63DED}.Debug|Any CPU.ActiveCfg = Debug|Any CPU
		{56E06685-208A-4604-B324-3BAF13F63DED}.Debug|Any CPU.Build.0 = Debug|Any CPU
		{56E06685-208A-4604-B324-3BAF13F63DED}.Release|Any CPU.ActiveCfg = Release|Any CPU
		{56E06685-208A-4604-B324-3BAF13F63DED}.Release|Any CPU.Build.0 = Release|Any CPU
		{1C5D1144-223A-41D4-98A9-E26FF5481452}.Debug|Any CPU.ActiveCfg = Debug|Any CPU
		{1C5D1144-223A-41D4-98A9-E26FF5481452}.Debug|Any CPU.Build.0 = Debug|Any CPU
		{1C5D1144-223A-41D4-98A9-E26FF5481452}.Release|Any CPU.ActiveCfg = Release|Any CPU
		{1C5D1144-223A-41D4-98A9-E26FF5481452}.Release|Any CPU.Build.0 = Release|Any CPU
		{EA3CDBB2-F609-4B98-8100-4E4014B99B1D}.Debug|Any CPU.ActiveCfg = Debug|Any CPU
		{EA3CDBB2-F609-4B98-8100-4E4014B99B1D}.Debug|Any CPU.Build.0 = Debug|Any CPU
		{EA3CDBB2-F609-4B98-8100-4E4014B99B1D}.Release|Any CPU.ActiveCfg = Release|Any CPU
		{EA3CDBB2-F609-4B98-8100-4E4014B99B1D}.Release|Any CPU.Build.0 = Release|Any CPU
		{96E918FD-47C1-4A65-B58F-8418B474811D}.Debug|Any CPU.ActiveCfg = Debug|Any CPU
		{96E918FD-47C1-4A65-B58F-8418B474811D}.Debug|Any CPU.Build.0 = Debug|Any CPU
		{96E918FD-47C1-4A65-B58F-8418B474811D}.Release|Any CPU.ActiveCfg = Release|Any CPU
		{96E918FD-47C1-4A65-B58F-8418B474811D}.Release|Any CPU.Build.0 = Release|Any CPU
		{0DA49B05-8D7F-4B2B-B4A7-D5DF60ADE16C}.Debug|Any CPU.ActiveCfg = Debug|Any CPU
		{0DA49B05-8D7F-4B2B-B4A7-D5DF60ADE16C}.Debug|Any CPU.Build.0 = Debug|Any CPU
		{0DA49B05-8D7F-4B2B-B4A7-D5DF60ADE16C}.Release|Any CPU.ActiveCfg = Release|Any CPU
		{0DA49B05-8D7F-4B2B-B4A7-D5DF60ADE16C}.Release|Any CPU.Build.0 = Release|Any CPU
		{713B26A6-1693-495D-8B6C-BCB5EA86D142}.Debug|Any CPU.ActiveCfg = Debug|Any CPU
		{713B26A6-1693-495D-8B6C-BCB5EA86D142}.Debug|Any CPU.Build.0 = Debug|Any CPU
		{713B26A6-1693-495D-8B6C-BCB5EA86D142}.Release|Any CPU.ActiveCfg = Release|Any CPU
		{713B26A6-1693-495D-8B6C-BCB5EA86D142}.Release|Any CPU.Build.0 = Release|Any CPU
		{58052C3E-7EBA-46C1-AAC4-F661BE826C0D}.Debug|Any CPU.ActiveCfg = Debug|Any CPU
		{58052C3E-7EBA-46C1-AAC4-F661BE826C0D}.Debug|Any CPU.Build.0 = Debug|Any CPU
		{58052C3E-7EBA-46C1-AAC4-F661BE826C0D}.Release|Any CPU.ActiveCfg = Release|Any CPU
		{58052C3E-7EBA-46C1-AAC4-F661BE826C0D}.Release|Any CPU.Build.0 = Release|Any CPU
		{1AA6CE07-ED62-4CB4-A06E-4CF5064DA3C6}.Debug|Any CPU.ActiveCfg = Debug|Any CPU
		{1AA6CE07-ED62-4CB4-A06E-4CF5064DA3C6}.Debug|Any CPU.Build.0 = Debug|Any CPU
		{1AA6CE07-ED62-4CB4-A06E-4CF5064DA3C6}.Release|Any CPU.ActiveCfg = Release|Any CPU
		{1AA6CE07-ED62-4CB4-A06E-4CF5064DA3C6}.Release|Any CPU.Build.0 = Release|Any CPU
	EndGlobalSection
	GlobalSection(SolutionProperties) = preSolution
		HideSolutionNode = FALSE
	EndGlobalSection
	GlobalSection(NestedProjects) = preSolution
		{DABC9F8E-78AC-43D8-8460-26C7EDDBD215} = {0BD0AF99-CD12-48D0-B609-18FAD4F07257}
		{56E06685-208A-4604-B324-3BAF13F63DED} = {0BD0AF99-CD12-48D0-B609-18FAD4F07257}
		{1C5D1144-223A-41D4-98A9-E26FF5481452} = {0BD0AF99-CD12-48D0-B609-18FAD4F07257}
		{EA3CDBB2-F609-4B98-8100-4E4014B99B1D} = {0BD0AF99-CD12-48D0-B609-18FAD4F07257}
		{96E918FD-47C1-4A65-B58F-8418B474811D} = {0BD0AF99-CD12-48D0-B609-18FAD4F07257}
		{0DA49B05-8D7F-4B2B-B4A7-D5DF60ADE16C} = {B028AE3F-FEAF-48FE-B282-579C665DAEBE}
		{713B26A6-1693-495D-8B6C-BCB5EA86D142} = {B028AE3F-FEAF-48FE-B282-579C665DAEBE}
		{58052C3E-7EBA-46C1-AAC4-F661BE826C0D} = {B028AE3F-FEAF-48FE-B282-579C665DAEBE}
		{1AA6CE07-ED62-4CB4-A06E-4CF5064DA3C6} = {B028AE3F-FEAF-48FE-B282-579C665DAEBE}
	EndGlobalSection
EndGlobal
