
Microsoft Visual Studio Solution File, Format Version 12.00
# Visual Studio Version 17
VisualStudioVersion = 17.11.35327.3
MinimumVisualStudioVersion = 10.0.40219.1
Project("{9A19103F-16F7-4668-BE54-9A1E7A4F7556}") = "discussion", "discussion\discussion.csproj", "{862F269B-5ABD-45B8-ADDB-B0D6640D9399}"
EndProject
Project("{9A19103F-16F7-4668-BE54-9A1E7A4F7556}") = "publisher", "publisher\publisher.csproj", "{B087AE69-0CDD-4464-8271-EADB6D732B83}"
EndProject
Global
	GlobalSection(SolutionConfigurationPlatforms) = preSolution
		Debug|Any CPU = Debug|Any CPU
		Release|Any CPU = Release|Any CPU
	EndGlobalSection
	GlobalSection(ProjectConfigurationPlatforms) = postSolution
		{862F269B-5ABD-45B8-ADDB-B0D6640D9399}.Debug|Any CPU.ActiveCfg = Debug|Any CPU
		{862F269B-5ABD-45B8-ADDB-B0D6640D9399}.Debug|Any CPU.Build.0 = Debug|Any CPU
		{862F269B-5ABD-45B8-ADDB-B0D6640D9399}.Release|Any CPU.ActiveCfg = Release|Any CPU
		{862F269B-5ABD-45B8-ADDB-B0D6640D9399}.Release|Any CPU.Build.0 = Release|Any CPU
		{B087AE69-0CDD-4464-8271-EADB6D732B83}.Debug|Any CPU.ActiveCfg = Debug|Any CPU
		{B087AE69-0CDD-4464-8271-EADB6D732B83}.Debug|Any CPU.Build.0 = Debug|Any CPU
		{B087AE69-0CDD-4464-8271-EADB6D732B83}.Release|Any CPU.ActiveCfg = Release|Any CPU
		{B087AE69-0CDD-4464-8271-EADB6D732B83}.Release|Any CPU.Build.0 = Release|Any CPU
	EndGlobalSection
	GlobalSection(SolutionProperties) = preSolution
		HideSolutionNode = FALSE
	EndGlobalSection
	GlobalSection(ExtensibilityGlobals) = postSolution
		SolutionGuid = {3F0A0826-8015-4441-A4E1-7876F88F6A27}
	EndGlobalSection
EndGlobal
