
Microsoft Visual Studio Solution File, Format Version 12.00
# Visual Studio Version 17
VisualStudioVersion = 17.0.31903.59
MinimumVisualStudioVersion = 10.0.40219.1
Project("{2150E333-8FDC-42A3-9474-1A3956D46DE8}") = "Shared", "Shared", "{FC18A234-5E6A-4C80-A049-CD0D5E3526E6}"
EndProject
Project("{FAE04EC0-301F-11D3-BF4B-00C04F79EFBC}") = "Application", "Shared\Application\Application.csproj", "{D2BBE8D6-B4CF-406D-85D6-F36E58FD91AF}"
EndProject
Project("{FAE04EC0-301F-11D3-BF4B-00C04F79EFBC}") = "Domain", "Shared\Domain\Domain.csproj", "{FD555CDF-AB01-41F0-AB96-5637D177CFA8}"
EndProject
Project("{FAE04EC0-301F-11D3-BF4B-00C04F79EFBC}") = "Infrastructure", "Shared\Infrastructure\Infrastructure.csproj", "{2FB0276D-64D0-4A09-BB14-B795029D9162}"
EndProject
Project("{2150E333-8FDC-42A3-9474-1A3956D46DE8}") = "Publisher", "Publisher", "{5AA9F9D6-C4B1-4F47-8C9D-97B31D4FED63}"
EndProject
Project("{FAE04EC0-301F-11D3-BF4B-00C04F79EFBC}") = "Publisher.Application", "Publisher\Application\Publisher.Application.csproj", "{CF7815DC-46DF-4FB3-B92D-C105E1DFED73}"
EndProject
Project("{FAE04EC0-301F-11D3-BF4B-00C04F79EFBC}") = "Publisher.Domain", "Publisher\Domain\Publisher.Domain.csproj", "{BF84E407-90F3-48BA-8361-2D733A9C2BAA}"
EndProject
Project("{FAE04EC0-301F-11D3-BF4B-00C04F79EFBC}") = "Publisher.Infrastructure", "Publisher\Infrastructure\Publisher.Infrastructure.csproj", "{47915E43-AF33-459F-8847-42CD7393B3EB}"
EndProject
Project("{FAE04EC0-301F-11D3-BF4B-00C04F79EFBC}") = "Publisher", "Publisher\WebApp\Publisher.csproj", "{960F4620-7569-4F36-A295-B10BD0532D2A}"
EndProject
Project("{2150E333-8FDC-42A3-9474-1A3956D46DE8}") = "Discussion", "Discussion", "{7E3486A8-F796-4C77-A1F0-B5ACEC1E3489}"
EndProject
Project("{FAE04EC0-301F-11D3-BF4B-00C04F79EFBC}") = "Discussion.Application", "Discussion\Application\Discussion.Application.csproj", "{18C29A3C-9414-47F6-B5DB-D88B81CD6B21}"
EndProject
Project("{FAE04EC0-301F-11D3-BF4B-00C04F79EFBC}") = "Discussion.Domain", "Discussion\Domain\Discussion.Domain.csproj", "{4359FF1D-DF1F-4FEA-86F1-C9245A114835}"
EndProject
Project("{FAE04EC0-301F-11D3-BF4B-00C04F79EFBC}") = "Discussion.Infrastructure", "Discussion\Infrastructure\Discussion.Infrastructure.csproj", "{0A6CD521-CF42-4665-BFD4-BCA14245AEB4}"
EndProject
Project("{FAE04EC0-301F-11D3-BF4B-00C04F79EFBC}") = "Discussion", "Discussion\WebApp\Discussion.csproj", "{929F266B-B85D-4C47-B61A-48A80000E2BA}"
EndProject
Global
	GlobalSection(SolutionConfigurationPlatforms) = preSolution
		Debug|Any CPU = Debug|Any CPU
		Release|Any CPU = Release|Any CPU
	EndGlobalSection
	GlobalSection(SolutionProperties) = preSolution
		HideSolutionNode = FALSE
	EndGlobalSection
	GlobalSection(ProjectConfigurationPlatforms) = postSolution
		{D2BBE8D6-B4CF-406D-85D6-F36E58FD91AF}.Debug|Any CPU.ActiveCfg = Debug|Any CPU
		{D2BBE8D6-B4CF-406D-85D6-F36E58FD91AF}.Debug|Any CPU.Build.0 = Debug|Any CPU
		{D2BBE8D6-B4CF-406D-85D6-F36E58FD91AF}.Release|Any CPU.ActiveCfg = Release|Any CPU
		{D2BBE8D6-B4CF-406D-85D6-F36E58FD91AF}.Release|Any CPU.Build.0 = Release|Any CPU
		{FD555CDF-AB01-41F0-AB96-5637D177CFA8}.Debug|Any CPU.ActiveCfg = Debug|Any CPU
		{FD555CDF-AB01-41F0-AB96-5637D177CFA8}.Debug|Any CPU.Build.0 = Debug|Any CPU
		{FD555CDF-AB01-41F0-AB96-5637D177CFA8}.Release|Any CPU.ActiveCfg = Release|Any CPU
		{FD555CDF-AB01-41F0-AB96-5637D177CFA8}.Release|Any CPU.Build.0 = Release|Any CPU
		{2FB0276D-64D0-4A09-BB14-B795029D9162}.Debug|Any CPU.ActiveCfg = Debug|Any CPU
		{2FB0276D-64D0-4A09-BB14-B795029D9162}.Debug|Any CPU.Build.0 = Debug|Any CPU
		{2FB0276D-64D0-4A09-BB14-B795029D9162}.Release|Any CPU.ActiveCfg = Release|Any CPU
		{2FB0276D-64D0-4A09-BB14-B795029D9162}.Release|Any CPU.Build.0 = Release|Any CPU
		{CF7815DC-46DF-4FB3-B92D-C105E1DFED73}.Debug|Any CPU.ActiveCfg = Debug|Any CPU
		{CF7815DC-46DF-4FB3-B92D-C105E1DFED73}.Debug|Any CPU.Build.0 = Debug|Any CPU
		{CF7815DC-46DF-4FB3-B92D-C105E1DFED73}.Release|Any CPU.ActiveCfg = Release|Any CPU
		{CF7815DC-46DF-4FB3-B92D-C105E1DFED73}.Release|Any CPU.Build.0 = Release|Any CPU
		{BF84E407-90F3-48BA-8361-2D733A9C2BAA}.Debug|Any CPU.ActiveCfg = Debug|Any CPU
		{BF84E407-90F3-48BA-8361-2D733A9C2BAA}.Debug|Any CPU.Build.0 = Debug|Any CPU
		{BF84E407-90F3-48BA-8361-2D733A9C2BAA}.Release|Any CPU.ActiveCfg = Release|Any CPU
		{BF84E407-90F3-48BA-8361-2D733A9C2BAA}.Release|Any CPU.Build.0 = Release|Any CPU
		{47915E43-AF33-459F-8847-42CD7393B3EB}.Debug|Any CPU.ActiveCfg = Debug|Any CPU
		{47915E43-AF33-459F-8847-42CD7393B3EB}.Debug|Any CPU.Build.0 = Debug|Any CPU
		{47915E43-AF33-459F-8847-42CD7393B3EB}.Release|Any CPU.ActiveCfg = Release|Any CPU
		{47915E43-AF33-459F-8847-42CD7393B3EB}.Release|Any CPU.Build.0 = Release|Any CPU
		{960F4620-7569-4F36-A295-B10BD0532D2A}.Debug|Any CPU.ActiveCfg = Debug|Any CPU
		{960F4620-7569-4F36-A295-B10BD0532D2A}.Debug|Any CPU.Build.0 = Debug|Any CPU
		{960F4620-7569-4F36-A295-B10BD0532D2A}.Release|Any CPU.ActiveCfg = Release|Any CPU
		{960F4620-7569-4F36-A295-B10BD0532D2A}.Release|Any CPU.Build.0 = Release|Any CPU
		{18C29A3C-9414-47F6-B5DB-D88B81CD6B21}.Debug|Any CPU.ActiveCfg = Debug|Any CPU
		{18C29A3C-9414-47F6-B5DB-D88B81CD6B21}.Debug|Any CPU.Build.0 = Debug|Any CPU
		{18C29A3C-9414-47F6-B5DB-D88B81CD6B21}.Release|Any CPU.ActiveCfg = Release|Any CPU
		{18C29A3C-9414-47F6-B5DB-D88B81CD6B21}.Release|Any CPU.Build.0 = Release|Any CPU
		{4359FF1D-DF1F-4FEA-86F1-C9245A114835}.Debug|Any CPU.ActiveCfg = Debug|Any CPU
		{4359FF1D-DF1F-4FEA-86F1-C9245A114835}.Debug|Any CPU.Build.0 = Debug|Any CPU
		{4359FF1D-DF1F-4FEA-86F1-C9245A114835}.Release|Any CPU.ActiveCfg = Release|Any CPU
		{4359FF1D-DF1F-4FEA-86F1-C9245A114835}.Release|Any CPU.Build.0 = Release|Any CPU
		{0A6CD521-CF42-4665-BFD4-BCA14245AEB4}.Debug|Any CPU.ActiveCfg = Debug|Any CPU
		{0A6CD521-CF42-4665-BFD4-BCA14245AEB4}.Debug|Any CPU.Build.0 = Debug|Any CPU
		{0A6CD521-CF42-4665-BFD4-BCA14245AEB4}.Release|Any CPU.ActiveCfg = Release|Any CPU
		{0A6CD521-CF42-4665-BFD4-BCA14245AEB4}.Release|Any CPU.Build.0 = Release|Any CPU
		{929F266B-B85D-4C47-B61A-48A80000E2BA}.Debug|Any CPU.ActiveCfg = Debug|Any CPU
		{929F266B-B85D-4C47-B61A-48A80000E2BA}.Debug|Any CPU.Build.0 = Debug|Any CPU
		{929F266B-B85D-4C47-B61A-48A80000E2BA}.Release|Any CPU.ActiveCfg = Release|Any CPU
		{929F266B-B85D-4C47-B61A-48A80000E2BA}.Release|Any CPU.Build.0 = Release|Any CPU
	EndGlobalSection
	GlobalSection(NestedProjects) = preSolution
		{D2BBE8D6-B4CF-406D-85D6-F36E58FD91AF} = {FC18A234-5E6A-4C80-A049-CD0D5E3526E6}
		{FD555CDF-AB01-41F0-AB96-5637D177CFA8} = {FC18A234-5E6A-4C80-A049-CD0D5E3526E6}
		{2FB0276D-64D0-4A09-BB14-B795029D9162} = {FC18A234-5E6A-4C80-A049-CD0D5E3526E6}
		{CF7815DC-46DF-4FB3-B92D-C105E1DFED73} = {5AA9F9D6-C4B1-4F47-8C9D-97B31D4FED63}
		{BF84E407-90F3-48BA-8361-2D733A9C2BAA} = {5AA9F9D6-C4B1-4F47-8C9D-97B31D4FED63}
		{47915E43-AF33-459F-8847-42CD7393B3EB} = {5AA9F9D6-C4B1-4F47-8C9D-97B31D4FED63}
		{960F4620-7569-4F36-A295-B10BD0532D2A} = {5AA9F9D6-C4B1-4F47-8C9D-97B31D4FED63}
		{18C29A3C-9414-47F6-B5DB-D88B81CD6B21} = {7E3486A8-F796-4C77-A1F0-B5ACEC1E3489}
		{4359FF1D-DF1F-4FEA-86F1-C9245A114835} = {7E3486A8-F796-4C77-A1F0-B5ACEC1E3489}
		{0A6CD521-CF42-4665-BFD4-BCA14245AEB4} = {7E3486A8-F796-4C77-A1F0-B5ACEC1E3489}
		{929F266B-B85D-4C47-B61A-48A80000E2BA} = {7E3486A8-F796-4C77-A1F0-B5ACEC1E3489}
	EndGlobalSection
EndGlobal
